
Microsoft Visual Studio Solution File, Format Version 12.00
# Visual Studio Version 17
VisualStudioVersion = 17.0.31903.59
MinimumVisualStudioVersion = 10.0.40219.1
Project("{2150E333-8FDC-42A3-9474-1A3956D46DE8}") = "Spaceship_UARM", "Spaceship_UARM", "{8FF4486A-47E0-4CA6-9855-7DCA81948B3F}"
EndProject
Project("{2150E333-8FDC-42A3-9474-1A3956D46DE8}") = "Actions", "Actions", "{B7462300-AACF-49CE-9245-8D3FDC7F7B23}"
EndProject
Project("{2150E333-8FDC-42A3-9474-1A3956D46DE8}") = "Tests", "Tests", "{B75813C9-7D7D-4482-8363-929A37941E6E}"
EndProject
Project("{FAE04EC0-301F-11D3-BF4B-00C04F79EFBC}") = "UARM_Flight", "ConsoleApp1\UARM_Flight.csproj", "{07E45ADB-C33F-47D8-ABF6-8A8BA380DD43}"
EndProject
Project("{FAE04EC0-301F-11D3-BF4B-00C04F79EFBC}") = "UARM_Tests", "UARM_Tests\UARM_Tests.csproj", "{1831F3D0-1649-4044-9139-B8DDB0DE8E0C}"
EndProject
Global
	GlobalSection(SolutionConfigurationPlatforms) = preSolution
		Debug|Any CPU = Debug|Any CPU
		Release|Any CPU = Release|Any CPU
	EndGlobalSection
	GlobalSection(ProjectConfigurationPlatforms) = postSolution
		{07E45ADB-C33F-47D8-ABF6-8A8BA380DD43}.Debug|Any CPU.ActiveCfg = Debug|Any CPU
		{07E45ADB-C33F-47D8-ABF6-8A8BA380DD43}.Debug|Any CPU.Build.0 = Debug|Any CPU
		{07E45ADB-C33F-47D8-ABF6-8A8BA380DD43}.Release|Any CPU.ActiveCfg = Release|Any CPU
		{07E45ADB-C33F-47D8-ABF6-8A8BA380DD43}.Release|Any CPU.Build.0 = Release|Any CPU
		{1831F3D0-1649-4044-9139-B8DDB0DE8E0C}.Debug|Any CPU.ActiveCfg = Debug|Any CPU
		{1831F3D0-1649-4044-9139-B8DDB0DE8E0C}.Debug|Any CPU.Build.0 = Debug|Any CPU
		{1831F3D0-1649-4044-9139-B8DDB0DE8E0C}.Release|Any CPU.ActiveCfg = Release|Any CPU
		{1831F3D0-1649-4044-9139-B8DDB0DE8E0C}.Release|Any CPU.Build.0 = Release|Any CPU
	EndGlobalSection
	GlobalSection(SolutionProperties) = preSolution
		HideSolutionNode = FALSE
	EndGlobalSection
	GlobalSection(NestedProjects) = preSolution
		{B7462300-AACF-49CE-9245-8D3FDC7F7B23} = {8FF4486A-47E0-4CA6-9855-7DCA81948B3F}
		{B75813C9-7D7D-4482-8363-929A37941E6E} = {8FF4486A-47E0-4CA6-9855-7DCA81948B3F}
		{07E45ADB-C33F-47D8-ABF6-8A8BA380DD43} = {B7462300-AACF-49CE-9245-8D3FDC7F7B23}
		{1831F3D0-1649-4044-9139-B8DDB0DE8E0C} = {B75813C9-7D7D-4482-8363-929A37941E6E}
	EndGlobalSection
	GlobalSection(ExtensibilityGlobals) = postSolution
		SolutionGuid = {2C6EE627-F78F-42CD-AC56-9FCB6419842A}
	EndGlobalSection
EndGlobal
